<?xml version="1.0" encoding="utf-8"?>
<Project ToolsVersion="4.0" xmlns="http://schemas.microsoft.com/developer/msbuild/2003">
  <ItemGroup>
    <Filter Include="Source Files">
      <UniqueIdentifier>{4FC737F1-C7A5-4376-A066-2A32D752A2FF}</UniqueIdentifier>
      <Extensions>cpp;c;cc;cxx;def;odl;idl;hpj;bat;asm;asmx</Extensions>
    </Filter>
  </ItemGroup>
  <ItemGroup>
    <ClCompile Include="..\beacon.cpp">
      <Filter>Source Files</Filter>
    </ClCompile>
    <ClCompile Include="..\buffer.cpp">
      <Filter>Source Files</Filter>
    </ClCompile>
    <ClCompile Include="..\cmdarg.cpp">
      <Filter>Source Files</Filter>
    </ClCompile>
    <ClCompile Include="..\httpheader.cpp">
      <Filter>Source Files</Filter>
    </ClCompile>
    <ClCompile Include="..\httpserver.cpp">
      <Filter>Source Files</Filter>
    </ClCompile>
    <ClCompile Include="..\netengine.cpp">
      <Filter>Source Files</Filter>
    </ClCompile>
    <ClCompile Include="..\netpoller.cpp">
      <Filter>Source Files</Filter>
    </ClCompile>
    <ClCompile Include="..\network.cpp">
      <Filter>Source Files</Filter>
    </ClCompile>
    <ClCompile Include="..\sockaddr.cpp">
      <Filter>Source Files</Filter>
    </ClCompile>
    <ClCompile Include="..\socket.cpp">
      <Filter>Source Files</Filter>
    </ClCompile>
    <ClCompile Include="..\stringutil.cpp">
      <Filter>Source Files</Filter>
    </ClCompile>
    <ClCompile Include="..\sysinfo.cpp">
      <Filter>Source Files</Filter>
    </ClCompile>
    <ClCompile Include="..\tcp.cpp">
      <Filter>Source Files</Filter>
    </ClCompile>
    <ClCompile Include="..\threads.cpp">
      <Filter>Source Files</Filter>
    </ClCompile>
    <ClCompile Include="..\udp.cpp">
      <Filter>Source Files</Filter>
    </ClCompile>
  </ItemGroup>
  <ItemGroup>
    <ClInclude Include="..\beacon.h">
      <Filter>Source Files</Filter>
    </ClInclude>
    <ClInclude Include="..\buffer.h">
      <Filter>Source Files</Filter>
    </ClInclude>
    <ClInclude Include="..\byteorder.h">
      <Filter>Source Files</Filter>
    </ClInclude>
    <ClInclude Include="..\calendar.h">
      <Filter>Source Files</Filter>
    </ClInclude>
    <ClInclude Include="..\cmdarg.h">
      <Filter>Source Files</Filter>
    </ClInclude>
    <ClInclude Include="..\copyable.h">
      <Filter>Source Files</Filter>
    </ClInclude>
    <ClInclude Include="..\httpheader.h">
      <Filter>Source Files</Filter>
    </ClInclude>
    <ClInclude Include="..\httpserver.h">
      <Filter>Source Files</Filter>
    </ClInclude>
    <ClInclude Include="..\lightcone.h">
      <Filter>Source Files</Filter>
    </ClInclude>
    <ClInclude Include="..\loadbalancer.h">
      <Filter>Source Files</Filter>
    </ClInclude>
    <ClInclude Include="..\msgqueue.h">
      <Filter>Source Files</Filter>
    </ClInclude>
    <ClInclude Include="..\netengine.h">
      <Filter>Source Files</Filter>
    </ClInclude>
    <ClInclude Include="..\netinc.h">
      <Filter>Source Files</Filter>
    </ClInclude>
    <ClInclude Include="..\netpoller.h">
      <Filter>Source Files</Filter>
    </ClInclude>
    <ClInclude Include="..\network.h">
      <Filter>Source Files</Filter>
    </ClInclude>
    <ClInclude Include="..\sockaddr.h">
      <Filter>Source Files</Filter>
    </ClInclude>
    <ClInclude Include="..\socket.h">
      <Filter>Source Files</Filter>
    </ClInclude>
    <ClInclude Include="..\stringutil.h">
      <Filter>Source Files</Filter>
    </ClInclude>
    <ClInclude Include="..\sysinfo.h">
      <Filter>Source Files</Filter>
    </ClInclude>
    <ClInclude Include="..\tcp.h">
      <Filter>Source Files</Filter>
    </ClInclude>
    <ClInclude Include="..\threads.h">
      <Filter>Source Files</Filter>
    </ClInclude>
    <ClInclude Include="..\udp.h">
      <Filter>Source Files</Filter>
    </ClInclude>
    <ClInclude Include="..\ssize_t.h">
      <Filter>Source Files</Filter>
    </ClInclude>
  </ItemGroup>
</Project>